{
  "requires": true,
  "lockfileVersion": 1,
  "dependencies": {
    "three": {
      "version": "0.94.0",
      "resolved": "https://registry.npmjs.org/three/-/three-0.94.0.tgz",
      "integrity": "sha1-TObbfyv795wtc0RKpuPPwIoy12I="
    },
    "three.js": {
      "version": "0.77.1",
      "resolved": "https://registry.npmjs.org/three.js/-/three.js-0.77.1.tgz",
      "integrity": "sha1-B4WKh0nktiejEIMlKi2Yd3bMoyo=",
      "requires": {
        "three": "0.77.0"
      },
      "dependencies": {
        "three": {
          "version": "0.77.0",
          "resolved": "https://registry.npmjs.org/three/-/three-0.77.0.tgz",
          "integrity": "sha1-iwsbAAR2ic6qAg1IClYspg2H/zc="
        }
      }
    },
    "vue": {
      "version": "2.5.16",
      "resolved": "https://registry.npmjs.org/vue/-/vue-2.5.16.tgz",
      "integrity": "sha512-/ffmsiVuPC8PsWcFkZngdpas19ABm5mh2wA7iDqcltyCTwlgZjHGeJYOXkBMo422iPwIcviOtrTCUpSfXmToLQ=="
    }
  }
}
